
Microsoft Visual Studio Solution File, Format Version 12.00
# Visual Studio Version 17
VisualStudioVersion = 17.0.31912.275
MinimumVisualStudioVersion = 10.0.40219.1
Project("{9A19103F-16F7-4668-BE54-9A1E7A4F7556}") = "TemplateApp", "TemplateApp\TemplateApp.csproj", "{2E28095C-4ECB-44C5-96FF-E95FE910319A}"
EndProject
Project("{9A19103F-16F7-4668-BE54-9A1E7A4F7556}") = "Day01-SonarSweep", "Day01-SonarSweep\Day01-SonarSweep.csproj", "{EDC56A71-138F-4798-A454-04288C7B49AB}"
EndProject
Project("{9A19103F-16F7-4668-BE54-9A1E7A4F7556}") = "Day01-3MeasurementSlidingWindow", "Day01-3MeasurementSlidingWindow\Day01-3MeasurementSlidingWindow.csproj", "{CFF45A6F-8FB0-4A71-8D05-0574D0C51ED9}"
EndProject
Project("{9A19103F-16F7-4668-BE54-9A1E7A4F7556}") = "Day02-Dive", "Day2-Dive\Day02-Dive.csproj", "{F8856030-06F8-4C7D-8348-AC8986E8EA3B}"
EndProject
Project("{9A19103F-16F7-4668-BE54-9A1E7A4F7556}") = "Day02-AddingAim", "Day02-AddingAim\Day02-AddingAim.csproj", "{EC871BF9-D39D-45C8-BBD2-CD022E9577E5}"
EndProject
Project("{FAE04EC0-301F-11D3-BF4B-00C04F79EFBC}") = "Day03-Puzzle1-BinaryDiagnostic", "Day03-Puzzle1-BinaryDiagnostic\Day03-Puzzle1-BinaryDiagnostic.csproj", "{2BEF02A7-39FB-48FE-8430-E6166C93673F}"
EndProject
Project("{FAE04EC0-301F-11D3-BF4B-00C04F79EFBC}") = "Day03-Puzzle2-LifeSupport", "Day03-Puzzle2-LifeSupport\Day03-Puzzle2-LifeSupport.csproj", "{2CC81A6F-FC2C-44B0-8CEC-62CE8BC8BEA7}"
EndProject
Global
	GlobalSection(SolutionConfigurationPlatforms) = preSolution
		Debug|Any CPU = Debug|Any CPU
		Release|Any CPU = Release|Any CPU
	EndGlobalSection
	GlobalSection(ProjectConfigurationPlatforms) = postSolution
		{2E28095C-4ECB-44C5-96FF-E95FE910319A}.Debug|Any CPU.ActiveCfg = Debug|Any CPU
		{2E28095C-4ECB-44C5-96FF-E95FE910319A}.Debug|Any CPU.Build.0 = Debug|Any CPU
		{2E28095C-4ECB-44C5-96FF-E95FE910319A}.Release|Any CPU.ActiveCfg = Release|Any CPU
		{2E28095C-4ECB-44C5-96FF-E95FE910319A}.Release|Any CPU.Build.0 = Release|Any CPU
		{EDC56A71-138F-4798-A454-04288C7B49AB}.Debug|Any CPU.ActiveCfg = Debug|Any CPU
		{EDC56A71-138F-4798-A454-04288C7B49AB}.Debug|Any CPU.Build.0 = Debug|Any CPU
		{EDC56A71-138F-4798-A454-04288C7B49AB}.Release|Any CPU.ActiveCfg = Release|Any CPU
		{EDC56A71-138F-4798-A454-04288C7B49AB}.Release|Any CPU.Build.0 = Release|Any CPU
		{CFF45A6F-8FB0-4A71-8D05-0574D0C51ED9}.Debug|Any CPU.ActiveCfg = Debug|Any CPU
		{CFF45A6F-8FB0-4A71-8D05-0574D0C51ED9}.Debug|Any CPU.Build.0 = Debug|Any CPU
		{CFF45A6F-8FB0-4A71-8D05-0574D0C51ED9}.Release|Any CPU.ActiveCfg = Release|Any CPU
		{CFF45A6F-8FB0-4A71-8D05-0574D0C51ED9}.Release|Any CPU.Build.0 = Release|Any CPU
		{F8856030-06F8-4C7D-8348-AC8986E8EA3B}.Debug|Any CPU.ActiveCfg = Debug|Any CPU
		{F8856030-06F8-4C7D-8348-AC8986E8EA3B}.Debug|Any CPU.Build.0 = Debug|Any CPU
		{F8856030-06F8-4C7D-8348-AC8986E8EA3B}.Release|Any CPU.ActiveCfg = Release|Any CPU
		{F8856030-06F8-4C7D-8348-AC8986E8EA3B}.Release|Any CPU.Build.0 = Release|Any CPU
		{EC871BF9-D39D-45C8-BBD2-CD022E9577E5}.Debug|Any CPU.ActiveCfg = Debug|Any CPU
		{EC871BF9-D39D-45C8-BBD2-CD022E9577E5}.Debug|Any CPU.Build.0 = Debug|Any CPU
		{EC871BF9-D39D-45C8-BBD2-CD022E9577E5}.Release|Any CPU.ActiveCfg = Release|Any CPU
		{EC871BF9-D39D-45C8-BBD2-CD022E9577E5}.Release|Any CPU.Build.0 = Release|Any CPU
		{2BEF02A7-39FB-48FE-8430-E6166C93673F}.Debug|Any CPU.ActiveCfg = Debug|Any CPU
		{2BEF02A7-39FB-48FE-8430-E6166C93673F}.Debug|Any CPU.Build.0 = Debug|Any CPU
		{2BEF02A7-39FB-48FE-8430-E6166C93673F}.Release|Any CPU.ActiveCfg = Release|Any CPU
		{2BEF02A7-39FB-48FE-8430-E6166C93673F}.Release|Any CPU.Build.0 = Release|Any CPU
		{2CC81A6F-FC2C-44B0-8CEC-62CE8BC8BEA7}.Debug|Any CPU.ActiveCfg = Debug|Any CPU
		{2CC81A6F-FC2C-44B0-8CEC-62CE8BC8BEA7}.Debug|Any CPU.Build.0 = Debug|Any CPU
		{2CC81A6F-FC2C-44B0-8CEC-62CE8BC8BEA7}.Release|Any CPU.ActiveCfg = Release|Any CPU
		{2CC81A6F-FC2C-44B0-8CEC-62CE8BC8BEA7}.Release|Any CPU.Build.0 = Release|Any CPU
	EndGlobalSection
	GlobalSection(SolutionProperties) = preSolution
		HideSolutionNode = FALSE
	EndGlobalSection
	GlobalSection(ExtensibilityGlobals) = postSolution
		SolutionGuid = {28BB7CB5-3B5E-4E28-9E5B-534B3B34B88D}
	EndGlobalSection
EndGlobal
