
Microsoft Visual Studio Solution File, Format Version 12.00
# Visual Studio Version 17
VisualStudioVersion = 17.0.31912.275
MinimumVisualStudioVersion = 10.0.40219.1
Project("{9A19103F-16F7-4668-BE54-9A1E7A4F7556}") = "TemplateApp", "TemplateApp\TemplateApp.csproj", "{2E28095C-4ECB-44C5-96FF-E95FE910319A}"
EndProject
Project("{9A19103F-16F7-4668-BE54-9A1E7A4F7556}") = "Day01-SonarSweep", "Day01-SonarSweep\Day01-SonarSweep.csproj", "{EDC56A71-138F-4798-A454-04288C7B49AB}"
EndProject
Project("{9A19103F-16F7-4668-BE54-9A1E7A4F7556}") = "Day01-3MeasurementSlidingWindow", "Day01-3MeasurementSlidingWindow\Day01-3MeasurementSlidingWindow.csproj", "{CFF45A6F-8FB0-4A71-8D05-0574D0C51ED9}"
EndProject
Project("{9A19103F-16F7-4668-BE54-9A1E7A4F7556}") = "Day02-Dive", "Day2-Dive\Day02-Dive.csproj", "{F8856030-06F8-4C7D-8348-AC8986E8EA3B}"
EndProject
Project("{9A19103F-16F7-4668-BE54-9A1E7A4F7556}") = "Day02-AddingAim", "Day02-AddingAim\Day02-AddingAim.csproj", "{EC871BF9-D39D-45C8-BBD2-CD022E9577E5}"
EndProject
Project("{9A19103F-16F7-4668-BE54-9A1E7A4F7556}") = "Day03-Puzzle1-BinaryDiagnostic", "Day03-Puzzle1-BinaryDiagnostic\Day03-Puzzle1-BinaryDiagnostic.csproj", "{2BEF02A7-39FB-48FE-8430-E6166C93673F}"
EndProject
Project("{9A19103F-16F7-4668-BE54-9A1E7A4F7556}") = "Day03-Puzzle2-LifeSupport", "Day03-Puzzle2-LifeSupport\Day03-Puzzle2-LifeSupport.csproj", "{2CC81A6F-FC2C-44B0-8CEC-62CE8BC8BEA7}"
EndProject
Project("{9A19103F-16F7-4668-BE54-9A1E7A4F7556}") = "Day04-Puzzle1-GiantSquid", "Day04-Puzzle1-GiantSquid\Day04-Puzzle1-GiantSquid.csproj", "{C6546D36-A077-4A06-B2AA-CB162F176875}"
EndProject
Project("{9A19103F-16F7-4668-BE54-9A1E7A4F7556}") = "Day04-Puzzle2-LetTheSquidWin", "Day04-Puzzle2-LetTheSquidWin\Day04-Puzzle2-LetTheSquidWin.csproj", "{B692B315-2A1E-4868-B4F8-5E266885E5C2}"
EndProject
Project("{9A19103F-16F7-4668-BE54-9A1E7A4F7556}") = "Day05-Puzzle1-HydrothermalVenture", "Day05-Puzzle1-HydrothermalVenture\Day05-Puzzle1-HydrothermalVenture.csproj", "{8EA49D05-561D-41E9-A594-91524DCD3CD6}"
EndProject
Project("{9A19103F-16F7-4668-BE54-9A1E7A4F7556}") = "Day06-Puzzle1-LanternFish", "Day06-Puzzle1\Day06-Puzzle1-LanternFish.csproj", "{DE6DEF07-C9D9-453B-9B7F-BC2B944D4D30}"
EndProject
Project("{9A19103F-16F7-4668-BE54-9A1E7A4F7556}") = "Day06-Puzzle2-256Days", "Day06-Puzzle2-256Days\Day06-Puzzle2-256Days.csproj", "{9D8D8E60-B44D-4AD8-B97B-FA4B89B18CEF}"
EndProject
Project("{9A19103F-16F7-4668-BE54-9A1E7A4F7556}") = "Day07-Puzzle1-TreacheryOfWhales", "Day07-Puzzle1-TreacheryOfWhales\Day07-Puzzle1-TreacheryOfWhales.csproj", "{8050E8DA-CCFA-43E2-9616-DB0F1E3321B6}"
EndProject
Project("{9A19103F-16F7-4668-BE54-9A1E7A4F7556}") = "Day07-Puzzle2-CrabsCantCrab", "Day07-Puzzle2-CrabsCantCrab\Day07-Puzzle2-CrabsCantCrab.csproj", "{7A34E5F0-50C1-4ED3-875E-A2526A205964}"
EndProject
Project("{9A19103F-16F7-4668-BE54-9A1E7A4F7556}") = "Day08-Puzzle1-7SegmentDisplays", "Day08-Puzzle1-7SegmentDisplays\Day08-Puzzle1-7SegmentDisplays.csproj", "{5E514E7B-80A2-4D32-A140-D619B007A10B}"
EndProject
Project("{9A19103F-16F7-4668-BE54-9A1E7A4F7556}") = "Day08-Puzzle2-FiguringOutTheRest", "Day08-Puzzle2-FiguringOutTheRest\Day08-Puzzle2-FiguringOutTheRest.csproj", "{2CE398B0-1A37-4E20-B51B-E2ED4C808862}"
EndProject
Project("{9A19103F-16F7-4668-BE54-9A1E7A4F7556}") = "Day09-Puzzle1-LowPoints", "Day09-Puzzle1-LowPoints\Day09-Puzzle1-LowPoints.csproj", "{442B5801-19E1-47AA-9C41-477B429B88F8}"
EndProject
Project("{9A19103F-16F7-4668-BE54-9A1E7A4F7556}") = "Day09-Puzzle2-LargestBasins", "Day09-Puzzle2-LargestBasins\Day09-Puzzle2-LargestBasins.csproj", "{0FF877DF-8F8F-4EFE-B68F-BD85B1B8DA44}"
EndProject
Project("{FAE04EC0-301F-11D3-BF4B-00C04F79EFBC}") = "Day10-Puzzle1-NavigationSystem", "Day10-Puzzle1-NavigationSystem\Day10-Puzzle1-NavigationSystem.csproj", "{B64724C8-B8CD-446C-A4A3-960D80D96928}"
EndProject
Project("{FAE04EC0-301F-11D3-BF4B-00C04F79EFBC}") = "Day10-Puzzle2-FixTheIncompleteLines", "Day10-Puzzle2-FixTheIncompleteLines\Day10-Puzzle2-FixTheIncompleteLines.csproj", "{48D11EA9-3844-4406-A26E-741941EEF064}"
EndProject
Project("{FAE04EC0-301F-11D3-BF4B-00C04F79EFBC}") = "Day11-Puzzle1-DumboOctopus", "Day11-Puzzle1-DumboOctopus\Day11-Puzzle1-DumboOctopus.csproj", "{028979DE-347C-4B02-9964-EE5EC0002A2F}"
EndProject
Global
	GlobalSection(SolutionConfigurationPlatforms) = preSolution
		Debug|Any CPU = Debug|Any CPU
		Release|Any CPU = Release|Any CPU
	EndGlobalSection
	GlobalSection(ProjectConfigurationPlatforms) = postSolution
		{2E28095C-4ECB-44C5-96FF-E95FE910319A}.Debug|Any CPU.ActiveCfg = Debug|Any CPU
		{2E28095C-4ECB-44C5-96FF-E95FE910319A}.Debug|Any CPU.Build.0 = Debug|Any CPU
		{2E28095C-4ECB-44C5-96FF-E95FE910319A}.Release|Any CPU.ActiveCfg = Release|Any CPU
		{2E28095C-4ECB-44C5-96FF-E95FE910319A}.Release|Any CPU.Build.0 = Release|Any CPU
		{EDC56A71-138F-4798-A454-04288C7B49AB}.Debug|Any CPU.ActiveCfg = Debug|Any CPU
		{EDC56A71-138F-4798-A454-04288C7B49AB}.Debug|Any CPU.Build.0 = Debug|Any CPU
		{EDC56A71-138F-4798-A454-04288C7B49AB}.Release|Any CPU.ActiveCfg = Release|Any CPU
		{EDC56A71-138F-4798-A454-04288C7B49AB}.Release|Any CPU.Build.0 = Release|Any CPU
		{CFF45A6F-8FB0-4A71-8D05-0574D0C51ED9}.Debug|Any CPU.ActiveCfg = Debug|Any CPU
		{CFF45A6F-8FB0-4A71-8D05-0574D0C51ED9}.Debug|Any CPU.Build.0 = Debug|Any CPU
		{CFF45A6F-8FB0-4A71-8D05-0574D0C51ED9}.Release|Any CPU.ActiveCfg = Release|Any CPU
		{CFF45A6F-8FB0-4A71-8D05-0574D0C51ED9}.Release|Any CPU.Build.0 = Release|Any CPU
		{F8856030-06F8-4C7D-8348-AC8986E8EA3B}.Debug|Any CPU.ActiveCfg = Debug|Any CPU
		{F8856030-06F8-4C7D-8348-AC8986E8EA3B}.Debug|Any CPU.Build.0 = Debug|Any CPU
		{F8856030-06F8-4C7D-8348-AC8986E8EA3B}.Release|Any CPU.ActiveCfg = Release|Any CPU
		{F8856030-06F8-4C7D-8348-AC8986E8EA3B}.Release|Any CPU.Build.0 = Release|Any CPU
		{EC871BF9-D39D-45C8-BBD2-CD022E9577E5}.Debug|Any CPU.ActiveCfg = Debug|Any CPU
		{EC871BF9-D39D-45C8-BBD2-CD022E9577E5}.Debug|Any CPU.Build.0 = Debug|Any CPU
		{EC871BF9-D39D-45C8-BBD2-CD022E9577E5}.Release|Any CPU.ActiveCfg = Release|Any CPU
		{EC871BF9-D39D-45C8-BBD2-CD022E9577E5}.Release|Any CPU.Build.0 = Release|Any CPU
		{2BEF02A7-39FB-48FE-8430-E6166C93673F}.Debug|Any CPU.ActiveCfg = Debug|Any CPU
		{2BEF02A7-39FB-48FE-8430-E6166C93673F}.Debug|Any CPU.Build.0 = Debug|Any CPU
		{2BEF02A7-39FB-48FE-8430-E6166C93673F}.Release|Any CPU.ActiveCfg = Release|Any CPU
		{2BEF02A7-39FB-48FE-8430-E6166C93673F}.Release|Any CPU.Build.0 = Release|Any CPU
		{2CC81A6F-FC2C-44B0-8CEC-62CE8BC8BEA7}.Debug|Any CPU.ActiveCfg = Debug|Any CPU
		{2CC81A6F-FC2C-44B0-8CEC-62CE8BC8BEA7}.Debug|Any CPU.Build.0 = Debug|Any CPU
		{2CC81A6F-FC2C-44B0-8CEC-62CE8BC8BEA7}.Release|Any CPU.ActiveCfg = Release|Any CPU
		{2CC81A6F-FC2C-44B0-8CEC-62CE8BC8BEA7}.Release|Any CPU.Build.0 = Release|Any CPU
		{C6546D36-A077-4A06-B2AA-CB162F176875}.Debug|Any CPU.ActiveCfg = Debug|Any CPU
		{C6546D36-A077-4A06-B2AA-CB162F176875}.Debug|Any CPU.Build.0 = Debug|Any CPU
		{C6546D36-A077-4A06-B2AA-CB162F176875}.Release|Any CPU.ActiveCfg = Release|Any CPU
		{C6546D36-A077-4A06-B2AA-CB162F176875}.Release|Any CPU.Build.0 = Release|Any CPU
		{B692B315-2A1E-4868-B4F8-5E266885E5C2}.Debug|Any CPU.ActiveCfg = Debug|Any CPU
		{B692B315-2A1E-4868-B4F8-5E266885E5C2}.Debug|Any CPU.Build.0 = Debug|Any CPU
		{B692B315-2A1E-4868-B4F8-5E266885E5C2}.Release|Any CPU.ActiveCfg = Release|Any CPU
		{B692B315-2A1E-4868-B4F8-5E266885E5C2}.Release|Any CPU.Build.0 = Release|Any CPU
		{8EA49D05-561D-41E9-A594-91524DCD3CD6}.Debug|Any CPU.ActiveCfg = Debug|Any CPU
		{8EA49D05-561D-41E9-A594-91524DCD3CD6}.Debug|Any CPU.Build.0 = Debug|Any CPU
		{8EA49D05-561D-41E9-A594-91524DCD3CD6}.Release|Any CPU.ActiveCfg = Release|Any CPU
		{8EA49D05-561D-41E9-A594-91524DCD3CD6}.Release|Any CPU.Build.0 = Release|Any CPU
		{DE6DEF07-C9D9-453B-9B7F-BC2B944D4D30}.Debug|Any CPU.ActiveCfg = Debug|Any CPU
		{DE6DEF07-C9D9-453B-9B7F-BC2B944D4D30}.Debug|Any CPU.Build.0 = Debug|Any CPU
		{DE6DEF07-C9D9-453B-9B7F-BC2B944D4D30}.Release|Any CPU.ActiveCfg = Release|Any CPU
		{DE6DEF07-C9D9-453B-9B7F-BC2B944D4D30}.Release|Any CPU.Build.0 = Release|Any CPU
		{9D8D8E60-B44D-4AD8-B97B-FA4B89B18CEF}.Debug|Any CPU.ActiveCfg = Debug|Any CPU
		{9D8D8E60-B44D-4AD8-B97B-FA4B89B18CEF}.Debug|Any CPU.Build.0 = Debug|Any CPU
		{9D8D8E60-B44D-4AD8-B97B-FA4B89B18CEF}.Release|Any CPU.ActiveCfg = Release|Any CPU
		{9D8D8E60-B44D-4AD8-B97B-FA4B89B18CEF}.Release|Any CPU.Build.0 = Release|Any CPU
		{8050E8DA-CCFA-43E2-9616-DB0F1E3321B6}.Debug|Any CPU.ActiveCfg = Debug|Any CPU
		{8050E8DA-CCFA-43E2-9616-DB0F1E3321B6}.Debug|Any CPU.Build.0 = Debug|Any CPU
		{8050E8DA-CCFA-43E2-9616-DB0F1E3321B6}.Release|Any CPU.ActiveCfg = Release|Any CPU
		{8050E8DA-CCFA-43E2-9616-DB0F1E3321B6}.Release|Any CPU.Build.0 = Release|Any CPU
		{7A34E5F0-50C1-4ED3-875E-A2526A205964}.Debug|Any CPU.ActiveCfg = Debug|Any CPU
		{7A34E5F0-50C1-4ED3-875E-A2526A205964}.Debug|Any CPU.Build.0 = Debug|Any CPU
		{7A34E5F0-50C1-4ED3-875E-A2526A205964}.Release|Any CPU.ActiveCfg = Release|Any CPU
		{7A34E5F0-50C1-4ED3-875E-A2526A205964}.Release|Any CPU.Build.0 = Release|Any CPU
		{5E514E7B-80A2-4D32-A140-D619B007A10B}.Debug|Any CPU.ActiveCfg = Debug|Any CPU
		{5E514E7B-80A2-4D32-A140-D619B007A10B}.Debug|Any CPU.Build.0 = Debug|Any CPU
		{5E514E7B-80A2-4D32-A140-D619B007A10B}.Release|Any CPU.ActiveCfg = Release|Any CPU
		{5E514E7B-80A2-4D32-A140-D619B007A10B}.Release|Any CPU.Build.0 = Release|Any CPU
		{2CE398B0-1A37-4E20-B51B-E2ED4C808862}.Debug|Any CPU.ActiveCfg = Debug|Any CPU
		{2CE398B0-1A37-4E20-B51B-E2ED4C808862}.Debug|Any CPU.Build.0 = Debug|Any CPU
		{2CE398B0-1A37-4E20-B51B-E2ED4C808862}.Release|Any CPU.ActiveCfg = Release|Any CPU
		{2CE398B0-1A37-4E20-B51B-E2ED4C808862}.Release|Any CPU.Build.0 = Release|Any CPU
		{442B5801-19E1-47AA-9C41-477B429B88F8}.Debug|Any CPU.ActiveCfg = Debug|Any CPU
		{442B5801-19E1-47AA-9C41-477B429B88F8}.Debug|Any CPU.Build.0 = Debug|Any CPU
		{442B5801-19E1-47AA-9C41-477B429B88F8}.Release|Any CPU.ActiveCfg = Release|Any CPU
		{442B5801-19E1-47AA-9C41-477B429B88F8}.Release|Any CPU.Build.0 = Release|Any CPU
		{0FF877DF-8F8F-4EFE-B68F-BD85B1B8DA44}.Debug|Any CPU.ActiveCfg = Debug|Any CPU
		{0FF877DF-8F8F-4EFE-B68F-BD85B1B8DA44}.Debug|Any CPU.Build.0 = Debug|Any CPU
		{0FF877DF-8F8F-4EFE-B68F-BD85B1B8DA44}.Release|Any CPU.ActiveCfg = Release|Any CPU
		{0FF877DF-8F8F-4EFE-B68F-BD85B1B8DA44}.Release|Any CPU.Build.0 = Release|Any CPU
		{B64724C8-B8CD-446C-A4A3-960D80D96928}.Debug|Any CPU.ActiveCfg = Debug|Any CPU
		{B64724C8-B8CD-446C-A4A3-960D80D96928}.Debug|Any CPU.Build.0 = Debug|Any CPU
		{B64724C8-B8CD-446C-A4A3-960D80D96928}.Release|Any CPU.ActiveCfg = Release|Any CPU
		{B64724C8-B8CD-446C-A4A3-960D80D96928}.Release|Any CPU.Build.0 = Release|Any CPU
		{48D11EA9-3844-4406-A26E-741941EEF064}.Debug|Any CPU.ActiveCfg = Debug|Any CPU
		{48D11EA9-3844-4406-A26E-741941EEF064}.Debug|Any CPU.Build.0 = Debug|Any CPU
		{48D11EA9-3844-4406-A26E-741941EEF064}.Release|Any CPU.ActiveCfg = Release|Any CPU
		{48D11EA9-3844-4406-A26E-741941EEF064}.Release|Any CPU.Build.0 = Release|Any CPU
		{028979DE-347C-4B02-9964-EE5EC0002A2F}.Debug|Any CPU.ActiveCfg = Debug|Any CPU
		{028979DE-347C-4B02-9964-EE5EC0002A2F}.Debug|Any CPU.Build.0 = Debug|Any CPU
		{028979DE-347C-4B02-9964-EE5EC0002A2F}.Release|Any CPU.ActiveCfg = Release|Any CPU
		{028979DE-347C-4B02-9964-EE5EC0002A2F}.Release|Any CPU.Build.0 = Release|Any CPU
	EndGlobalSection
	GlobalSection(SolutionProperties) = preSolution
		HideSolutionNode = FALSE
	EndGlobalSection
	GlobalSection(ExtensibilityGlobals) = postSolution
		SolutionGuid = {28BB7CB5-3B5E-4E28-9E5B-534B3B34B88D}
	EndGlobalSection
EndGlobal
